
Microsoft Visual Studio Solution File, Format Version 12.00
# Visual Studio Version 17
VisualStudioVersion = 17.11.35312.102
MinimumVisualStudioVersion = 10.0.40219.1
Project("{FAE04EC0-301F-11D3-BF4B-00C04F79EFBC}") = "WCF_Ventas", "WCF_Ventas\WCF_Ventas.csproj", "{93F760D5-B747-47F5-AD9F-34B1C3B5692C}"
EndProject
Project("{FAE04EC0-301F-11D3-BF4B-00C04F79EFBC}") = "TestWindows_WCF_Ventas", "TestWindows_WCF_Ventas\TestWindows_WCF_Ventas.csproj", "{D9F3ADE9-B1D2-472F-9FDB-036A27080DD7}"
EndProject
Global
	GlobalSection(SolutionConfigurationPlatforms) = preSolution
		Debug|Any CPU = Debug|Any CPU
		Release|Any CPU = Release|Any CPU
	EndGlobalSection
	GlobalSection(ProjectConfigurationPlatforms) = postSolution
		{93F760D5-B747-47F5-AD9F-34B1C3B5692C}.Debug|Any CPU.ActiveCfg = Debug|Any CPU
		{93F760D5-B747-47F5-AD9F-34B1C3B5692C}.Debug|Any CPU.Build.0 = Debug|Any CPU
		{93F760D5-B747-47F5-AD9F-34B1C3B5692C}.Release|Any CPU.ActiveCfg = Release|Any CPU
		{93F760D5-B747-47F5-AD9F-34B1C3B5692C}.Release|Any CPU.Build.0 = Release|Any CPU
		{D9F3ADE9-B1D2-472F-9FDB-036A27080DD7}.Debug|Any CPU.ActiveCfg = Debug|Any CPU
		{D9F3ADE9-B1D2-472F-9FDB-036A27080DD7}.Debug|Any CPU.Build.0 = Debug|Any CPU
		{D9F3ADE9-B1D2-472F-9FDB-036A27080DD7}.Release|Any CPU.ActiveCfg = Release|Any CPU
		{D9F3ADE9-B1D2-472F-9FDB-036A27080DD7}.Release|Any CPU.Build.0 = Release|Any CPU
	EndGlobalSection
	GlobalSection(SolutionProperties) = preSolution
		HideSolutionNode = FALSE
	EndGlobalSection
	GlobalSection(ExtensibilityGlobals) = postSolution
		SolutionGuid = {A665866D-E37D-4BF3-ACBD-3FA2AE0E530C}
	EndGlobalSection
EndGlobal
