
Microsoft Visual Studio Solution File, Format Version 12.00
# Visual Studio Version 17
VisualStudioVersion = 17.10.35013.160
MinimumVisualStudioVersion = 10.0.40219.1
Project("{FAE04EC0-301F-11D3-BF4B-00C04F79EFBC}") = "DemoServiceInfracciones", "DemoServiceInfracciones\DemoServiceInfracciones.csproj", "{6CC90A12-EF57-44B3-B801-263580F7ECA9}"
EndProject
Project("{FAE04EC0-301F-11D3-BF4B-00C04F79EFBC}") = "WebTestWCF_Infracciones", "WebTestWCF_Infracciones\WebTestWCF_Infracciones.csproj", "{9124B136-B1B0-4596-9547-30629CA4B3A3}"
	ProjectSection(ProjectDependencies) = postProject
		{6CC90A12-EF57-44B3-B801-263580F7ECA9} = {6CC90A12-EF57-44B3-B801-263580F7ECA9}
	EndProjectSection
EndProject
Global
	GlobalSection(SolutionConfigurationPlatforms) = preSolution
		Debug|Any CPU = Debug|Any CPU
		Release|Any CPU = Release|Any CPU
	EndGlobalSection
	GlobalSection(ProjectConfigurationPlatforms) = postSolution
		{6CC90A12-EF57-44B3-B801-263580F7ECA9}.Debug|Any CPU.ActiveCfg = Debug|Any CPU
		{6CC90A12-EF57-44B3-B801-263580F7ECA9}.Debug|Any CPU.Build.0 = Debug|Any CPU
		{6CC90A12-EF57-44B3-B801-263580F7ECA9}.Release|Any CPU.ActiveCfg = Release|Any CPU
		{6CC90A12-EF57-44B3-B801-263580F7ECA9}.Release|Any CPU.Build.0 = Release|Any CPU
		{9124B136-B1B0-4596-9547-30629CA4B3A3}.Debug|Any CPU.ActiveCfg = Debug|Any CPU
		{9124B136-B1B0-4596-9547-30629CA4B3A3}.Debug|Any CPU.Build.0 = Debug|Any CPU
		{9124B136-B1B0-4596-9547-30629CA4B3A3}.Release|Any CPU.ActiveCfg = Release|Any CPU
		{9124B136-B1B0-4596-9547-30629CA4B3A3}.Release|Any CPU.Build.0 = Release|Any CPU
	EndGlobalSection
	GlobalSection(SolutionProperties) = preSolution
		HideSolutionNode = FALSE
	EndGlobalSection
	GlobalSection(ExtensibilityGlobals) = postSolution
		SolutionGuid = {40F6FF6F-F3FD-4662-BBDF-76E1E84B0A7E}
	EndGlobalSection
EndGlobal
